// !$*UTF8*$!
{
	archiveVersion = 1;
	classes = {
	};
	objectVersion = 56;
	objects = {

/* Begin PBXBuildFile section */
		CC8D73292AA1571D002FE4E4 /* VyshAssignment1App.swift in Sources */ = {isa = PBXBuildFile; fileRef = CC8D73282AA1571D002FE4E4 /* VyshAssignment1App.swift */; };
		CC8D732B2AA1571D002FE4E4 /* ContentView.swift in Sources */ = {isa = PBXBuildFile; fileRef = CC8D732A2AA1571D002FE4E4 /* ContentView.swift */; };
		CC8D732D2AA1571F002FE4E4 /* Assets.xcassets in Resources */ = {isa = PBXBuildFile; fileRef = CC8D732C2AA1571F002FE4E4 /* Assets.xcassets */; };
		CC8D73302AA1571F002FE4E4 /* Preview Assets.xcassets in Resources */ = {isa = PBXBuildFile; fileRef = CC8D732F2AA1571F002FE4E4 /* Preview Assets.xcassets */; };
		CC8D733A2AA1571F002FE4E4 /* VyshAssignment1Tests.swift in Sources */ = {isa = PBXBuildFile; fileRef = CC8D73392AA1571F002FE4E4 /* VyshAssignment1Tests.swift */; };
		CC8D73442AA1571F002FE4E4 /* VyshAssignment1UITests.swift in Sources */ = {isa = PBXBuildFile; fileRef = CC8D73432AA1571F002FE4E4 /* VyshAssignment1UITests.swift */; };
		CC8D73462AA1571F002FE4E4 /* VyshAssignment1UITestsLaunchTests.swift in Sources */ = {isa = PBXBuildFile; fileRef = CC8D73452AA1571F002FE4E4 /* VyshAssignment1UITestsLaunchTests.swift */; };
/* End PBXBuildFile section */

/* Begin PBXContainerItemProxy section */
		CC8D73362AA1571F002FE4E4 /* PBXContainerItemProxy */ = {
			isa = PBXContainerItemProxy;
			containerPortal = CC8D731D2AA1571D002FE4E4 /* Project object */;
			proxyType = 1;
			remoteGlobalIDString = CC8D73242AA1571D002FE4E4;
			remoteInfo = VyshAssignment1;
		};
		CC8D73402AA1571F002FE4E4 /* PBXContainerItemProxy */ = {
			isa = PBXContainerItemProxy;
			containerPortal = CC8D731D2AA1571D002FE4E4 /* Project object */;
			proxyType = 1;
			remoteGlobalIDString = CC8D73242AA1571D002FE4E4;
			remoteInfo = VyshAssignment1;
		};
/* End PBXContainerItemProxy section */

/* Begin PBXFileReference section */
		CC8D73252AA1571D002FE4E4 /* VyshAssignment1.app */ = {isa = PBXFileReference; explicitFileType = wrapper.application; includeInIndex = 0; path = VyshAssignment1.app; sourceTree = BUILT_PRODUCTS_DIR; };
		CC8D73282AA1571D002FE4E4 /* VyshAssignment1App.swift */ = {isa = PBXFileReference; lastKnownFileType = sourcecode.swift; path = VyshAssignment1App.swift; sourceTree = "<group>"; };
		CC8D732A2AA1571D002FE4E4 /* ContentView.swift */ = {isa = PBXFileReference; lastKnownFileType = sourcecode.swift; path = ContentView.swift; sourceTree = "<group>"; };
		CC8D732C2AA1571F002FE4E4 /* Assets.xcassets */ = {isa = PBXFileReference; lastKnownFileType = folder.assetcatalog; path = Assets.xcassets; sourceTree = "<group>"; };
		CC8D732F2AA1571F002FE4E4 /* Preview Assets.xcassets */ = {isa = PBXFileReference; lastKnownFileType = folder.assetcatalog; path = "Preview Assets.xcassets"; sourceTree = "<group>"; };
		CC8D73352AA1571F002FE4E4 /* VyshAssignment1Tests.xctest */ = {isa = PBXFileReference; explicitFileType = wrapper.cfbundle; includeInIndex = 0; path = VyshAssignment1Tests.xctest; sourceTree = BUILT_PRODUCTS_DIR; };
		CC8D73392AA1571F002FE4E4 /* VyshAssignment1Tests.swift */ = {isa = PBXFileReference; lastKnownFileType = sourcecode.swift; path = VyshAssignment1Tests.swift; sourceTree = "<group>"; };
		CC8D733F2AA1571F002FE4E4 /* VyshAssignment1UITests.xctest */ = {isa = PBXFileReference; explicitFileType = wrapper.cfbundle; includeInIndex = 0; path = VyshAssignment1UITests.xctest; sourceTree = BUILT_PRODUCTS_DIR; };
		CC8D73432AA1571F002FE4E4 /* VyshAssignment1UITests.swift */ = {isa = PBXFileReference; lastKnownFileType = sourcecode.swift; path = VyshAssignment1UITests.swift; sourceTree = "<group>"; };
		CC8D73452AA1571F002FE4E4 /* VyshAssignment1UITestsLaunchTests.swift */ = {isa = PBXFileReference; lastKnownFileType = sourcecode.swift; path = VyshAssignment1UITestsLaunchTests.swift; sourceTree = "<group>"; };
/* End PBXFileReference section */

/* Begin PBXFrameworksBuildPhase section */
		CC8D73222AA1571D002FE4E4 /* Frameworks */ = {
			isa = PBXFrameworksBuildPhase;
			buildActionMask = 2147483647;
			files = (
			);
			runOnlyForDeploymentPostprocessing = 0;
		};
		CC8D73322AA1571F002FE4E4 /* Frameworks */ = {
			isa = PBXFrameworksBuildPhase;
			buildActionMask = 2147483647;
			files = (
			);
			runOnlyForDeploymentPostprocessing = 0;
		};
		CC8D733C2AA1571F002FE4E4 /* Frameworks */ = {
			isa = PBXFrameworksBuildPhase;
			buildActionMask = 2147483647;
			files = (
			);
			runOnlyForDeploymentPostprocessing = 0;
		};
/* End PBXFrameworksBuildPhase section */

/* Begin PBXGroup section */
		CC8D731C2AA1571D002FE4E4 = {
			isa = PBXGroup;
			children = (
				CC8D73272AA1571D002FE4E4 /* VyshAssignment1 */,
				CC8D73382AA1571F002FE4E4 /* VyshAssignment1Tests */,
				CC8D73422AA1571F002FE4E4 /* VyshAssignment1UITests */,
				CC8D73262AA1571D002FE4E4 /* Products */,
			);
			sourceTree = "<group>";
		};
		CC8D73262AA1571D002FE4E4 /* Products */ = {
			isa = PBXGroup;
			children = (
				CC8D73252AA1571D002FE4E4 /* VyshAssignment1.app */,
				CC8D73352AA1571F002FE4E4 /* VyshAssignment1Tests.xctest */,
				CC8D733F2AA1571F002FE4E4 /* VyshAssignment1UITests.xctest */,
			);
			name = Products;
			sourceTree = "<group>";
		};
		CC8D73272AA1571D002FE4E4 /* VyshAssignment1 */ = {
			isa = PBXGroup;
			children = (
				CC8D73282AA1571D002FE4E4 /* VyshAssignment1App.swift */,
				CC8D732A2AA1571D002FE4E4 /* ContentView.swift */,
				CC8D732C2AA1571F002FE4E4 /* Assets.xcassets */,
				CC8D732E2AA1571F002FE4E4 /* Preview Content */,
			);
			path = VyshAssignment1;
			sourceTree = "<group>";
		};
		CC8D732E2AA1571F002FE4E4 /* Preview Content */ = {
			isa = PBXGroup;
			children = (
				CC8D732F2AA1571F002FE4E4 /* Preview Assets.xcassets */,
			);
			path = "Preview Content";
			sourceTree = "<group>";
		};
		CC8D73382AA1571F002FE4E4 /* VyshAssignment1Tests */ = {
			isa = PBXGroup;
			children = (
				CC8D73392AA1571F002FE4E4 /* VyshAssignment1Tests.swift */,
			);
			path = VyshAssignment1Tests;
			sourceTree = "<group>";
		};
		CC8D73422AA1571F002FE4E4 /* VyshAssignment1UITests */ = {
			isa = PBXGroup;
			children = (
				CC8D73432AA1571F002FE4E4 /* VyshAssignment1UITests.swift */,
				CC8D73452AA1571F002FE4E4 /* VyshAssignment1UITestsLaunchTests.swift */,
			);
			path = VyshAssignment1UITests;
			sourceTree = "<group>";
		};
/* End PBXGroup section */

/* Begin PBXNativeTarget section */
		CC8D73242AA1571D002FE4E4 /* VyshAssignment1 */ = {
			isa = PBXNativeTarget;
			buildConfigurationList = CC8D73492AA1571F002FE4E4 /* Build configuration list for PBXNativeTarget "VyshAssignment1" */;
			buildPhases = (
				CC8D73212AA1571D002FE4E4 /* Sources */,
				CC8D73222AA1571D002FE4E4 /* Frameworks */,
				CC8D73232AA1571D002FE4E4 /* Resources */,
			);
			buildRules = (
			);
			dependencies = (
			);
			name = VyshAssignment1;
			productName = VyshAssignment1;
			productReference = CC8D73252AA1571D002FE4E4 /* VyshAssignment1.app */;
			productType = "com.apple.product-type.application";
		};
		CC8D73342AA1571F002FE4E4 /* VyshAssignment1Tests */ = {
			isa = PBXNativeTarget;
			buildConfigurationList = CC8D734C2AA1571F002FE4E4 /* Build configuration list for PBXNativeTarget "VyshAssignment1Tests" */;
			buildPhases = (
				CC8D73312AA1571F002FE4E4 /* Sources */,
				CC8D73322AA1571F002FE4E4 /* Frameworks */,
				CC8D73332AA1571F002FE4E4 /* Resources */,
			);
			buildRules = (
			);
			dependencies = (
				CC8D73372AA1571F002FE4E4 /* PBXTargetDependency */,
			);
			name = VyshAssignment1Tests;
			productName = VyshAssignment1Tests;
			productReference = CC8D73352AA1571F002FE4E4 /* VyshAssignment1Tests.xctest */;
			productType = "com.apple.product-type.bundle.unit-test";
		};
		CC8D733E2AA1571F002FE4E4 /* VyshAssignment1UITests */ = {
			isa = PBXNativeTarget;
			buildConfigurationList = CC8D734F2AA1571F002FE4E4 /* Build configuration list for PBXNativeTarget "VyshAssignment1UITests" */;
			buildPhases = (
				CC8D733B2AA1571F002FE4E4 /* Sources */,
				CC8D733C2AA1571F002FE4E4 /* Frameworks */,
				CC8D733D2AA1571F002FE4E4 /* Resources */,
			);
			buildRules = (
			);
			dependencies = (
				CC8D73412AA1571F002FE4E4 /* PBXTargetDependency */,
			);
			name = VyshAssignment1UITests;
			productName = VyshAssignment1UITests;
			productReference = CC8D733F2AA1571F002FE4E4 /* VyshAssignment1UITests.xctest */;
			productType = "com.apple.product-type.bundle.ui-testing";
		};
/* End PBXNativeTarget section */

/* Begin PBXProject section */
		CC8D731D2AA1571D002FE4E4 /* Project object */ = {
			isa = PBXProject;
			attributes = {
				BuildIndependentTargetsInParallel = 1;
				LastSwiftUpdateCheck = 1430;
				LastUpgradeCheck = 1430;
				TargetAttributes = {
					CC8D73242AA1571D002FE4E4 = {
						CreatedOnToolsVersion = 14.3.1;
					};
					CC8D73342AA1571F002FE4E4 = {
						CreatedOnToolsVersion = 14.3.1;
						TestTargetID = CC8D73242AA1571D002FE4E4;
					};
					CC8D733E2AA1571F002FE4E4 = {
						CreatedOnToolsVersion = 14.3.1;
						TestTargetID = CC8D73242AA1571D002FE4E4;
					};
				};
			};
			buildConfigurationList = CC8D73202AA1571D002FE4E4 /* Build configuration list for PBXProject "VyshAssignment1" */;
			compatibilityVersion = "Xcode 14.0";
			developmentRegion = en;
			hasScannedForEncodings = 0;
			knownRegions = (
				en,
				Base,
			);
			mainGroup = CC8D731C2AA1571D002FE4E4;
			productRefGroup = CC8D73262AA1571D002FE4E4 /* Products */;
			projectDirPath = "";
			projectRoot = "";
			targets = (
				CC8D73242AA1571D002FE4E4 /* VyshAssignment1 */,
				CC8D73342AA1571F002FE4E4 /* VyshAssignment1Tests */,
				CC8D733E2AA1571F002FE4E4 /* VyshAssignment1UITests */,
			);
		};
/* End PBXProject section */

/* Begin PBXResourcesBuildPhase section */
		CC8D73232AA1571D002FE4E4 /* Resources */ = {
			isa = PBXResourcesBuildPhase;
			buildActionMask = 2147483647;
			files = (
				CC8D73302AA1571F002FE4E4 /* Preview Assets.xcassets in Resources */,
				CC8D732D2AA1571F002FE4E4 /* Assets.xcassets in Resources */,
			);
			runOnlyForDeploymentPostprocessing = 0;
		};
		CC8D73332AA1571F002FE4E4 /* Resources */ = {
			isa = PBXResourcesBuildPhase;
			buildActionMask = 2147483647;
			files = (
			);
			runOnlyForDeploymentPostprocessing = 0;
		};
		CC8D733D2AA1571F002FE4E4 /* Resources */ = {
			isa = PBXResourcesBuildPhase;
			buildActionMask = 2147483647;
			files = (
			);
			runOnlyForDeploymentPostprocessing = 0;
		};
/* End PBXResourcesBuildPhase section */

/* Begin PBXSourcesBuildPhase section */
		CC8D73212AA1571D002FE4E4 /* Sources */ = {
			isa = PBXSourcesBuildPhase;
			buildActionMask = 2147483647;
			files = (
				CC8D732B2AA1571D002FE4E4 /* ContentView.swift in Sources */,
				CC8D73292AA1571D002FE4E4 /* VyshAssignment1App.swift in Sources */,
			);
			runOnlyForDeploymentPostprocessing = 0;
		};
		CC8D73312AA1571F002FE4E4 /* Sources */ = {
			isa = PBXSourcesBuildPhase;
			buildActionMask = 2147483647;
			files = (
				CC8D733A2AA1571F002FE4E4 /* VyshAssignment1Tests.swift in Sources */,
			);
			runOnlyForDeploymentPostprocessing = 0;
		};
		CC8D733B2AA1571F002FE4E4 /* Sources */ = {
			isa = PBXSourcesBuildPhase;
			buildActionMask = 2147483647;
			files = (
				CC8D73442AA1571F002FE4E4 /* VyshAssignment1UITests.swift in Sources */,
				CC8D73462AA1571F002FE4E4 /* VyshAssignment1UITestsLaunchTests.swift in Sources */,
			);
			runOnlyForDeploymentPostprocessing = 0;
		};
/* End PBXSourcesBuildPhase section */

/* Begin PBXTargetDependency section */
		CC8D73372AA1571F002FE4E4 /* PBXTargetDependency */ = {
			isa = PBXTargetDependency;
			target = CC8D73242AA1571D002FE4E4 /* VyshAssignment1 */;
			targetProxy = CC8D73362AA1571F002FE4E4 /* PBXContainerItemProxy */;
		};
		CC8D73412AA1571F002FE4E4 /* PBXTargetDependency */ = {
			isa = PBXTargetDependency;
			target = CC8D73242AA1571D002FE4E4 /* VyshAssignment1 */;
			targetProxy = CC8D73402AA1571F002FE4E4 /* PBXContainerItemProxy */;
		};
/* End PBXTargetDependency section */

/* Begin XCBuildConfiguration section */
		CC8D73472AA1571F002FE4E4 /* Debug */ = {
			isa = XCBuildConfiguration;
			buildSettings = {
				ALWAYS_SEARCH_USER_PATHS = NO;
				CLANG_ANALYZER_NONNULL = YES;
				CLANG_ANALYZER_NUMBER_OBJECT_CONVERSION = YES_AGGRESSIVE;
				CLANG_CXX_LANGUAGE_STANDARD = "gnu++20";
				CLANG_ENABLE_MODULES = YES;
				CLANG_ENABLE_OBJC_ARC = YES;
				CLANG_ENABLE_OBJC_WEAK = YES;
				CLANG_WARN_BLOCK_CAPTURE_AUTORELEASING = YES;
				CLANG_WARN_BOOL_CONVERSION = YES;
				CLANG_WARN_COMMA = YES;
				CLANG_WARN_CONSTANT_CONVERSION = YES;
				CLANG_WARN_DEPRECATED_OBJC_IMPLEMENTATIONS = YES;
				CLANG_WARN_DIRECT_OBJC_ISA_USAGE = YES_ERROR;
				CLANG_WARN_DOCUMENTATION_COMMENTS = YES;
				CLANG_WARN_EMPTY_BODY = YES;
				CLANG_WARN_ENUM_CONVERSION = YES;
				CLANG_WARN_INFINITE_RECURSION = YES;
				CLANG_WARN_INT_CONVERSION = YES;
				CLANG_WARN_NON_LITERAL_NULL_CONVERSION = YES;
				CLANG_WARN_OBJC_IMPLICIT_RETAIN_SELF = YES;
				CLANG_WARN_OBJC_LITERAL_CONVERSION = YES;
				CLANG_WARN_OBJC_ROOT_CLASS = YES_ERROR;
				CLANG_WARN_QUOTED_INCLUDE_IN_FRAMEWORK_HEADER = YES;
				CLANG_WARN_RANGE_LOOP_ANALYSIS = YES;
				CLANG_WARN_STRICT_PROTOTYPES = YES;
				CLANG_WARN_SUSPICIOUS_MOVE = YES;
				CLANG_WARN_UNGUARDED_AVAILABILITY = YES_AGGRESSIVE;
				CLANG_WARN_UNREACHABLE_CODE = YES;
				CLANG_WARN__DUPLICATE_METHOD_MATCH = YES;
				COPY_PHASE_STRIP = NO;
				DEBUG_INFORMATION_FORMAT = dwarf;
				ENABLE_STRICT_OBJC_MSGSEND = YES;
				ENABLE_TESTABILITY = YES;
				GCC_C_LANGUAGE_STANDARD = gnu11;
				GCC_DYNAMIC_NO_PIC = NO;
				GCC_NO_COMMON_BLOCKS = YES;
				GCC_OPTIMIZATION_LEVEL = 0;
				GCC_PREPROCESSOR_DEFINITIONS = (
					"DEBUG=1",
					"$(inherited)",
				);
				GCC_WARN_64_TO_32_BIT_CONVERSION = YES;
				GCC_WARN_ABOUT_RETURN_TYPE = YES_ERROR;
				GCC_WARN_UNDECLARED_SELECTOR = YES;
				GCC_WARN_UNINITIALIZED_AUTOS = YES_AGGRESSIVE;
				GCC_WARN_UNUSED_FUNCTION = YES;
				GCC_WARN_UNUSED_VARIABLE = YES;
				IPHONEOS_DEPLOYMENT_TARGET = 16.4;
				MTL_ENABLE_DEBUG_INFO = INCLUDE_SOURCE;
				MTL_FAST_MATH = YES;
				ONLY_ACTIVE_ARCH = YES;
				SDKROOT = iphoneos;
				SWIFT_ACTIVE_COMPILATION_CONDITIONS = DEBUG;
				SWIFT_OPTIMIZATION_LEVEL = "-Onone";
			};
			name = Debug;
		};
		CC8D73482AA1571F002FE4E4 /* Release */ = {
			isa = XCBuildConfiguration;
			buildSettings = {
				ALWAYS_SEARCH_USER_PATHS = NO;
				CLANG_ANALYZER_NONNULL = YES;
				CLANG_ANALYZER_NUMBER_OBJECT_CONVERSION = YES_AGGRESSIVE;
				CLANG_CXX_LANGUAGE_STANDARD = "gnu++20";
				CLANG_ENABLE_MODULES = YES;
				CLANG_ENABLE_OBJC_ARC = YES;
				CLANG_ENABLE_OBJC_WEAK = YES;
				CLANG_WARN_BLOCK_CAPTURE_AUTORELEASING = YES;
				CLANG_WARN_BOOL_CONVERSION = YES;
				CLANG_WARN_COMMA = YES;
				CLANG_WARN_CONSTANT_CONVERSION = YES;
				CLANG_WARN_DEPRECATED_OBJC_IMPLEMENTATIONS = YES;
				CLANG_WARN_DIRECT_OBJC_ISA_USAGE = YES_ERROR;
				CLANG_WARN_DOCUMENTATION_COMMENTS = YES;
				CLANG_WARN_EMPTY_BODY = YES;
				CLANG_WARN_ENUM_CONVERSION = YES;
				CLANG_WARN_INFINITE_RECURSION = YES;
				CLANG_WARN_INT_CONVERSION = YES;
				CLANG_WARN_NON_LITERAL_NULL_CONVERSION = YES;
				CLANG_WARN_OBJC_IMPLICIT_RETAIN_SELF = YES;
				CLANG_WARN_OBJC_LITERAL_CONVERSION = YES;
				CLANG_WARN_OBJC_ROOT_CLASS = YES_ERROR;
				CLANG_WARN_QUOTED_INCLUDE_IN_FRAMEWORK_HEADER = YES;
				CLANG_WARN_RANGE_LOOP_ANALYSIS = YES;
				CLANG_WARN_STRICT_PROTOTYPES = YES;
				CLANG_WARN_SUSPICIOUS_MOVE = YES;
				CLANG_WARN_UNGUARDED_AVAILABILITY = YES_AGGRESSIVE;
				CLANG_WARN_UNREACHABLE_CODE = YES;
				CLANG_WARN__DUPLICATE_METHOD_MATCH = YES;
				COPY_PHASE_STRIP = NO;
				DEBUG_INFORMATION_FORMAT = "dwarf-with-dsym";
				ENABLE_NS_ASSERTIONS = NO;
				ENABLE_STRICT_OBJC_MSGSEND = YES;
				GCC_C_LANGUAGE_STANDARD = gnu11;
				GCC_NO_COMMON_BLOCKS = YES;
				GCC_WARN_64_TO_32_BIT_CONVERSION = YES;
				GCC_WARN_ABOUT_RETURN_TYPE = YES_ERROR;
				GCC_WARN_UNDECLARED_SELECTOR = YES;
				GCC_WARN_UNINITIALIZED_AUTOS = YES_AGGRESSIVE;
				GCC_WARN_UNUSED_FUNCTION = YES;
				GCC_WARN_UNUSED_VARIABLE = YES;
				IPHONEOS_DEPLOYMENT_TARGET = 16.4;
				MTL_ENABLE_DEBUG_INFO = NO;
				MTL_FAST_MATH = YES;
				SDKROOT = iphoneos;
				SWIFT_COMPILATION_MODE = wholemodule;
				SWIFT_OPTIMIZATION_LEVEL = "-O";
				VALIDATE_PRODUCT = YES;
			};
			name = Release;
		};
		CC8D734A2AA1571F002FE4E4 /* Debug */ = {
			isa = XCBuildConfiguration;
			buildSettings = {
				ASSETCATALOG_COMPILER_APPICON_NAME = AppIcon;
				ASSETCATALOG_COMPILER_GLOBAL_ACCENT_COLOR_NAME = AccentColor;
				CODE_SIGN_STYLE = Automatic;
				CURRENT_PROJECT_VERSION = 1;
				DEVELOPMENT_ASSET_PATHS = "\"VyshAssignment1/Preview Content\"";
				ENABLE_PREVIEWS = YES;
				GENERATE_INFOPLIST_FILE = YES;
				INFOPLIST_KEY_UIApplicationSceneManifest_Generation = YES;
				INFOPLIST_KEY_UIApplicationSupportsIndirectInputEvents = YES;
				INFOPLIST_KEY_UILaunchScreen_Generation = YES;
				INFOPLIST_KEY_UISupportedInterfaceOrientations_iPad = "UIInterfaceOrientationPortrait UIInterfaceOrientationPortraitUpsideDown UIInterfaceOrientationLandscapeLeft UIInterfaceOrientationLandscapeRight";
				INFOPLIST_KEY_UISupportedInterfaceOrientations_iPhone = "UIInterfaceOrientationPortrait UIInterfaceOrientationLandscapeLeft UIInterfaceOrientationLandscapeRight";
				LD_RUNPATH_SEARCH_PATHS = (
					"$(inherited)",
					"@executable_path/Frameworks",
				);
				MARKETING_VERSION = 1.0;
				PRODUCT_BUNDLE_IDENTIFIER = MAD.VyshAssignment1;
				PRODUCT_NAME = "$(TARGET_NAME)";
				SWIFT_EMIT_LOC_STRINGS = YES;
				SWIFT_VERSION = 5.0;
				TARGETED_DEVICE_FAMILY = "1,2";
			};
			name = Debug;
		};
		CC8D734B2AA1571F002FE4E4 /* Release */ = {
			isa = XCBuildConfiguration;
			buildSettings = {
				ASSETCATALOG_COMPILER_APPICON_NAME = AppIcon;
				ASSETCATALOG_COMPILER_GLOBAL_ACCENT_COLOR_NAME = AccentColor;
				CODE_SIGN_STYLE = Automatic;
				CURRENT_PROJECT_VERSION = 1;
				DEVELOPMENT_ASSET_PATHS = "\"VyshAssignment1/Preview Content\"";
				ENABLE_PREVIEWS = YES;
				GENERATE_INFOPLIST_FILE = YES;
				INFOPLIST_KEY_UIApplicationSceneManifest_Generation = YES;
				INFOPLIST_KEY_UIApplicationSupportsIndirectInputEvents = YES;
				INFOPLIST_KEY_UILaunchScreen_Generation = YES;
				INFOPLIST_KEY_UISupportedInterfaceOrientations_iPad = "UIInterfaceOrientationPortrait UIInterfaceOrientationPortraitUpsideDown UIInterfaceOrientationLandscapeLeft UIInterfaceOrientationLandscapeRight";
				INFOPLIST_KEY_UISupportedInterfaceOrientations_iPhone = "UIInterfaceOrientationPortrait UIInterfaceOrientationLandscapeLeft UIInterfaceOrientationLandscapeRight";
				LD_RUNPATH_SEARCH_PATHS = (
					"$(inherited)",
					"@executable_path/Frameworks",
				);
				MARKETING_VERSION = 1.0;
				PRODUCT_BUNDLE_IDENTIFIER = MAD.VyshAssignment1;
				PRODUCT_NAME = "$(TARGET_NAME)";
				SWIFT_EMIT_LOC_STRINGS = YES;
				SWIFT_VERSION = 5.0;
				TARGETED_DEVICE_FAMILY = "1,2";
			};
			name = Release;
		};
		CC8D734D2AA1571F002FE4E4 /* Debug */ = {
			isa = XCBuildConfiguration;
			buildSettings = {
				ALWAYS_EMBED_SWIFT_STANDARD_LIBRARIES = YES;
				BUNDLE_LOADER = "$(TEST_HOST)";
				CODE_SIGN_STYLE = Automatic;
				CURRENT_PROJECT_VERSION = 1;
				GENERATE_INFOPLIST_FILE = YES;
				IPHONEOS_DEPLOYMENT_TARGET = 16.4;
				MARKETING_VERSION = 1.0;
				PRODUCT_BUNDLE_IDENTIFIER = MAD.VyshAssignment1Tests;
				PRODUCT_NAME = "$(TARGET_NAME)";
				SWIFT_EMIT_LOC_STRINGS = NO;
				SWIFT_VERSION = 5.0;
				TARGETED_DEVICE_FAMILY = "1,2";
				TEST_HOST = "$(BUILT_PRODUCTS_DIR)/VyshAssignment1.app/$(BUNDLE_EXECUTABLE_FOLDER_PATH)/VyshAssignment1";
			};
			name = Debug;
		};
		CC8D734E2AA1571F002FE4E4 /* Release */ = {
			isa = XCBuildConfiguration;
			buildSettings = {
				ALWAYS_EMBED_SWIFT_STANDARD_LIBRARIES = YES;
				BUNDLE_LOADER = "$(TEST_HOST)";
				CODE_SIGN_STYLE = Automatic;
				CURRENT_PROJECT_VERSION = 1;
				GENERATE_INFOPLIST_FILE = YES;
				IPHONEOS_DEPLOYMENT_TARGET = 16.4;
				MARKETING_VERSION = 1.0;
				PRODUCT_BUNDLE_IDENTIFIER = MAD.VyshAssignment1Tests;
				PRODUCT_NAME = "$(TARGET_NAME)";
				SWIFT_EMIT_LOC_STRINGS = NO;
				SWIFT_VERSION = 5.0;
				TARGETED_DEVICE_FAMILY = "1,2";
				TEST_HOST = "$(BUILT_PRODUCTS_DIR)/VyshAssignment1.app/$(BUNDLE_EXECUTABLE_FOLDER_PATH)/VyshAssignment1";
			};
			name = Release;
		};
		CC8D73502AA1571F002FE4E4 /* Debug */ = {
			isa = XCBuildConfiguration;
			buildSettings = {
				ALWAYS_EMBED_SWIFT_STANDARD_LIBRARIES = YES;
				CODE_SIGN_STYLE = Automatic;
				CURRENT_PROJECT_VERSION = 1;
				GENERATE_INFOPLIST_FILE = YES;
				MARKETING_VERSION = 1.0;
				PRODUCT_BUNDLE_IDENTIFIER = MAD.VyshAssignment1UITests;
				PRODUCT_NAME = "$(TARGET_NAME)";
				SWIFT_EMIT_LOC_STRINGS = NO;
				SWIFT_VERSION = 5.0;
				TARGETED_DEVICE_FAMILY = "1,2";
				TEST_TARGET_NAME = VyshAssignment1;
			};
			name = Debug;
		};
		CC8D73512AA1571F002FE4E4 /* Release */ = {
			isa = XCBuildConfiguration;
			buildSettings = {
				ALWAYS_EMBED_SWIFT_STANDARD_LIBRARIES = YES;
				CODE_SIGN_STYLE = Automatic;
				CURRENT_PROJECT_VERSION = 1;
				GENERATE_INFOPLIST_FILE = YES;
				MARKETING_VERSION = 1.0;
				PRODUCT_BUNDLE_IDENTIFIER = MAD.VyshAssignment1UITests;
				PRODUCT_NAME = "$(TARGET_NAME)";
				SWIFT_EMIT_LOC_STRINGS = NO;
				SWIFT_VERSION = 5.0;
				TARGETED_DEVICE_FAMILY = "1,2";
				TEST_TARGET_NAME = VyshAssignment1;
			};
			name = Release;
		};
/* End XCBuildConfiguration section */

/* Begin XCConfigurationList section */
		CC8D73202AA1571D002FE4E4 /* Build configuration list for PBXProject "VyshAssignment1" */ = {
			isa = XCConfigurationList;
			buildConfigurations = (
				CC8D73472AA1571F002FE4E4 /* Debug */,
				CC8D73482AA1571F002FE4E4 /* Release */,
			);
			defaultConfigurationIsVisible = 0;
			defaultConfigurationName = Release;
		};
		CC8D73492AA1571F002FE4E4 /* Build configuration list for PBXNativeTarget "VyshAssignment1" */ = {
			isa = XCConfigurationList;
			buildConfigurations = (
				CC8D734A2AA1571F002FE4E4 /* Debug */,
				CC8D734B2AA1571F002FE4E4 /* Release */,
			);
			defaultConfigurationIsVisible = 0;
			defaultConfigurationName = Release;
		};
		CC8D734C2AA1571F002FE4E4 /* Build configuration list for PBXNativeTarget "VyshAssignment1Tests" */ = {
			isa = XCConfigurationList;
			buildConfigurations = (
				CC8D734D2AA1571F002FE4E4 /* Debug */,
				CC8D734E2AA1571F002FE4E4 /* Release */,
			);
			defaultConfigurationIsVisible = 0;
			defaultConfigurationName = Release;
		};
		CC8D734F2AA1571F002FE4E4 /* Build configuration list for PBXNativeTarget "VyshAssignment1UITests" */ = {
			isa = XCConfigurationList;
			buildConfigurations = (
				CC8D73502AA1571F002FE4E4 /* Debug */,
				CC8D73512AA1571F002FE4E4 /* Release */,
			);
			defaultConfigurationIsVisible = 0;
			defaultConfigurationName = Release;
		};
/* End XCConfigurationList section */
	};
	rootObject = CC8D731D2AA1571D002FE4E4 /* Project object */;
}
